
Microsoft Visual Studio Solution File, Format Version 12.00
# Visual Studio Version 17
VisualStudioVersion = 17.9.34714.143
MinimumVisualStudioVersion = 10.0.40219.1
Project("{FAE04EC0-301F-11D3-BF4B-00C04F79EFBC}") = "01_MainSubjects", "01_MainSubjects\01_MainSubjects.csproj", "{D2B396F4-9390-4B60-9E94-45C950708127}"
EndProject
Project("{FAE04EC0-301F-11D3-BF4B-00C04F79EFBC}") = "02_Variables", "02_Variables\02_Variables.csproj", "{67F18C92-EB26-4A05-8137-D76FDF1FEC52}"
EndProject
Global
	GlobalSection(SolutionConfigurationPlatforms) = preSolution
		Debug|Any CPU = Debug|Any CPU
		Release|Any CPU = Release|Any CPU
	EndGlobalSection
	GlobalSection(ProjectConfigurationPlatforms) = postSolution
		{D2B396F4-9390-4B60-9E94-45C950708127}.Debug|Any CPU.ActiveCfg = Debug|Any CPU
		{D2B396F4-9390-4B60-9E94-45C950708127}.Debug|Any CPU.Build.0 = Debug|Any CPU
		{D2B396F4-9390-4B60-9E94-45C950708127}.Release|Any CPU.ActiveCfg = Release|Any CPU
		{D2B396F4-9390-4B60-9E94-45C950708127}.Release|Any CPU.Build.0 = Release|Any CPU
		{67F18C92-EB26-4A05-8137-D76FDF1FEC52}.Debug|Any CPU.ActiveCfg = Debug|Any CPU
		{67F18C92-EB26-4A05-8137-D76FDF1FEC52}.Debug|Any CPU.Build.0 = Debug|Any CPU
		{67F18C92-EB26-4A05-8137-D76FDF1FEC52}.Release|Any CPU.ActiveCfg = Release|Any CPU
		{67F18C92-EB26-4A05-8137-D76FDF1FEC52}.Release|Any CPU.Build.0 = Release|Any CPU
	EndGlobalSection
	GlobalSection(SolutionProperties) = preSolution
		HideSolutionNode = FALSE
	EndGlobalSection
	GlobalSection(ExtensibilityGlobals) = postSolution
		SolutionGuid = {E253E231-3844-43BC-83EE-40515998C5A4}
	EndGlobalSection
EndGlobal
