
Microsoft Visual Studio Solution File, Format Version 12.00
# Visual Studio Version 17
VisualStudioVersion = 17.9.34714.143
MinimumVisualStudioVersion = 10.0.40219.1
Project("{FAE04EC0-301F-11D3-BF4B-00C04F79EFBC}") = "01_MainSubjects", "01_MainSubjects\01_MainSubjects.csproj", "{D2B396F4-9390-4B60-9E94-45C950708127}"
EndProject
Project("{FAE04EC0-301F-11D3-BF4B-00C04F79EFBC}") = "02_Variables", "02_Variables\02_Variables.csproj", "{67F18C92-EB26-4A05-8137-D76FDF1FEC52}"
EndProject
Project("{FAE04EC0-301F-11D3-BF4B-00C04F79EFBC}") = "03_MakingDecision", "03_MakingDecision\03_MakingDecision.csproj", "{65E1F1A4-B6ED-4168-9B5D-C26135D417E4}"
EndProject
Project("{FAE04EC0-301F-11D3-BF4B-00C04F79EFBC}") = "04_Loops", "04_Loops\04_Loops.csproj", "{C3AFAFE8-2235-42EE-ABF2-88ECC5378496}"
EndProject
Project("{FAE04EC0-301F-11D3-BF4B-00C04F79EFBC}") = "05_LoopsWithStars", "05_LoopsWithStars\05_LoopsWithStars.csproj", "{8AB78AB6-3A8D-4D34-BE56-905F5B733219}"
EndProject
Project("{FAE04EC0-301F-11D3-BF4B-00C04F79EFBC}") = "06_Arrays", "06_Arrays\06_Arrays.csproj", "{29C43FAE-4036-455A-9066-4B9A267C31A8}"
EndProject
Project("{FAE04EC0-301F-11D3-BF4B-00C04F79EFBC}") = "07_ForeachLoop", "07_ForeachLoop\07_ForeachLoop.csproj", "{E638ACA8-357E-4CBA-B498-6E700099EED4}"
EndProject
Project("{FAE04EC0-301F-11D3-BF4B-00C04F79EFBC}") = "08_Methods", "08_Methods\08_Methods.csproj", "{E95CCA79-4609-40A7-B5D2-600DE16C3E92}"
EndProject
Project("{FAE04EC0-301F-11D3-BF4B-00C04F79EFBC}") = "09_DatabaseProject", "09_DatabaseProject\09_DatabaseProject.csproj", "{E77E85FD-D101-4AD1-A98B-28BE32519A66}"
EndProject
Global
	GlobalSection(SolutionConfigurationPlatforms) = preSolution
		Debug|Any CPU = Debug|Any CPU
		Release|Any CPU = Release|Any CPU
	EndGlobalSection
	GlobalSection(ProjectConfigurationPlatforms) = postSolution
		{D2B396F4-9390-4B60-9E94-45C950708127}.Debug|Any CPU.ActiveCfg = Debug|Any CPU
		{D2B396F4-9390-4B60-9E94-45C950708127}.Debug|Any CPU.Build.0 = Debug|Any CPU
		{D2B396F4-9390-4B60-9E94-45C950708127}.Release|Any CPU.ActiveCfg = Release|Any CPU
		{D2B396F4-9390-4B60-9E94-45C950708127}.Release|Any CPU.Build.0 = Release|Any CPU
		{67F18C92-EB26-4A05-8137-D76FDF1FEC52}.Debug|Any CPU.ActiveCfg = Debug|Any CPU
		{67F18C92-EB26-4A05-8137-D76FDF1FEC52}.Debug|Any CPU.Build.0 = Debug|Any CPU
		{67F18C92-EB26-4A05-8137-D76FDF1FEC52}.Release|Any CPU.ActiveCfg = Release|Any CPU
		{67F18C92-EB26-4A05-8137-D76FDF1FEC52}.Release|Any CPU.Build.0 = Release|Any CPU
		{65E1F1A4-B6ED-4168-9B5D-C26135D417E4}.Debug|Any CPU.ActiveCfg = Debug|Any CPU
		{65E1F1A4-B6ED-4168-9B5D-C26135D417E4}.Debug|Any CPU.Build.0 = Debug|Any CPU
		{65E1F1A4-B6ED-4168-9B5D-C26135D417E4}.Release|Any CPU.ActiveCfg = Release|Any CPU
		{65E1F1A4-B6ED-4168-9B5D-C26135D417E4}.Release|Any CPU.Build.0 = Release|Any CPU
		{C3AFAFE8-2235-42EE-ABF2-88ECC5378496}.Debug|Any CPU.ActiveCfg = Debug|Any CPU
		{C3AFAFE8-2235-42EE-ABF2-88ECC5378496}.Debug|Any CPU.Build.0 = Debug|Any CPU
		{C3AFAFE8-2235-42EE-ABF2-88ECC5378496}.Release|Any CPU.ActiveCfg = Release|Any CPU
		{C3AFAFE8-2235-42EE-ABF2-88ECC5378496}.Release|Any CPU.Build.0 = Release|Any CPU
		{8AB78AB6-3A8D-4D34-BE56-905F5B733219}.Debug|Any CPU.ActiveCfg = Debug|Any CPU
		{8AB78AB6-3A8D-4D34-BE56-905F5B733219}.Debug|Any CPU.Build.0 = Debug|Any CPU
		{8AB78AB6-3A8D-4D34-BE56-905F5B733219}.Release|Any CPU.ActiveCfg = Release|Any CPU
		{8AB78AB6-3A8D-4D34-BE56-905F5B733219}.Release|Any CPU.Build.0 = Release|Any CPU
		{29C43FAE-4036-455A-9066-4B9A267C31A8}.Debug|Any CPU.ActiveCfg = Debug|Any CPU
		{29C43FAE-4036-455A-9066-4B9A267C31A8}.Debug|Any CPU.Build.0 = Debug|Any CPU
		{29C43FAE-4036-455A-9066-4B9A267C31A8}.Release|Any CPU.ActiveCfg = Release|Any CPU
		{29C43FAE-4036-455A-9066-4B9A267C31A8}.Release|Any CPU.Build.0 = Release|Any CPU
		{E638ACA8-357E-4CBA-B498-6E700099EED4}.Debug|Any CPU.ActiveCfg = Debug|Any CPU
		{E638ACA8-357E-4CBA-B498-6E700099EED4}.Debug|Any CPU.Build.0 = Debug|Any CPU
		{E638ACA8-357E-4CBA-B498-6E700099EED4}.Release|Any CPU.ActiveCfg = Release|Any CPU
		{E638ACA8-357E-4CBA-B498-6E700099EED4}.Release|Any CPU.Build.0 = Release|Any CPU
		{E95CCA79-4609-40A7-B5D2-600DE16C3E92}.Debug|Any CPU.ActiveCfg = Debug|Any CPU
		{E95CCA79-4609-40A7-B5D2-600DE16C3E92}.Debug|Any CPU.Build.0 = Debug|Any CPU
		{E95CCA79-4609-40A7-B5D2-600DE16C3E92}.Release|Any CPU.ActiveCfg = Release|Any CPU
		{E95CCA79-4609-40A7-B5D2-600DE16C3E92}.Release|Any CPU.Build.0 = Release|Any CPU
		{E77E85FD-D101-4AD1-A98B-28BE32519A66}.Debug|Any CPU.ActiveCfg = Debug|Any CPU
		{E77E85FD-D101-4AD1-A98B-28BE32519A66}.Debug|Any CPU.Build.0 = Debug|Any CPU
		{E77E85FD-D101-4AD1-A98B-28BE32519A66}.Release|Any CPU.ActiveCfg = Release|Any CPU
		{E77E85FD-D101-4AD1-A98B-28BE32519A66}.Release|Any CPU.Build.0 = Release|Any CPU
	EndGlobalSection
	GlobalSection(SolutionProperties) = preSolution
		HideSolutionNode = FALSE
	EndGlobalSection
	GlobalSection(ExtensibilityGlobals) = postSolution
		SolutionGuid = {E253E231-3844-43BC-83EE-40515998C5A4}
	EndGlobalSection
EndGlobal
